
Microsoft Visual Studio Solution File, Format Version 12.00
# Visual Studio Version 17
VisualStudioVersion = 17.8.34309.116
MinimumVisualStudioVersion = 10.0.40219.1
Project("{FAE04EC0-301F-11D3-BF4B-00C04F79EFBC}") = "CleanArchitecture.API", "CleanArchitecture.API\CleanArchitecture.API.csproj", "{0B708394-413C-4780-A638-228569D2062A}"
EndProject
Project("{FAE04EC0-301F-11D3-BF4B-00C04F79EFBC}") = "CleanArchitecture.Domain", "CleanArchitecture.Domain\CleanArchitecture.Domain.csproj", "{7D6DE6D9-473A-4CAE-847E-52ED17E99E7B}"
EndProject
Project("{FAE04EC0-301F-11D3-BF4B-00C04F79EFBC}") = "CleanArchitecture.Infrastructure", "CleanArchitecture.Infrastructure\CleanArchitecture.Infrastructure.csproj", "{7A44A39B-3004-4911-9C3C-9F72E4BD30B4}"
EndProject
Global
	GlobalSection(SolutionConfigurationPlatforms) = preSolution
		Debug|Any CPU = Debug|Any CPU
		Release|Any CPU = Release|Any CPU
	EndGlobalSection
	GlobalSection(ProjectConfigurationPlatforms) = postSolution
		{0B708394-413C-4780-A638-228569D2062A}.Debug|Any CPU.ActiveCfg = Debug|Any CPU
		{0B708394-413C-4780-A638-228569D2062A}.Debug|Any CPU.Build.0 = Debug|Any CPU
		{0B708394-413C-4780-A638-228569D2062A}.Release|Any CPU.ActiveCfg = Release|Any CPU
		{0B708394-413C-4780-A638-228569D2062A}.Release|Any CPU.Build.0 = Release|Any CPU
		{7D6DE6D9-473A-4CAE-847E-52ED17E99E7B}.Debug|Any CPU.ActiveCfg = Debug|Any CPU
		{7D6DE6D9-473A-4CAE-847E-52ED17E99E7B}.Debug|Any CPU.Build.0 = Debug|Any CPU
		{7D6DE6D9-473A-4CAE-847E-52ED17E99E7B}.Release|Any CPU.ActiveCfg = Release|Any CPU
		{7D6DE6D9-473A-4CAE-847E-52ED17E99E7B}.Release|Any CPU.Build.0 = Release|Any CPU
		{7A44A39B-3004-4911-9C3C-9F72E4BD30B4}.Debug|Any CPU.ActiveCfg = Debug|Any CPU
		{7A44A39B-3004-4911-9C3C-9F72E4BD30B4}.Debug|Any CPU.Build.0 = Debug|Any CPU
		{7A44A39B-3004-4911-9C3C-9F72E4BD30B4}.Release|Any CPU.ActiveCfg = Release|Any CPU
		{7A44A39B-3004-4911-9C3C-9F72E4BD30B4}.Release|Any CPU.Build.0 = Release|Any CPU
	EndGlobalSection
	GlobalSection(SolutionProperties) = preSolution
		HideSolutionNode = FALSE
	EndGlobalSection
	GlobalSection(ExtensibilityGlobals) = postSolution
		SolutionGuid = {5ECD24B6-519C-4397-8750-08C0BEBB9F3F}
	EndGlobalSection
EndGlobal
